// !$*UTF8*$!
{
	archiveVersion = 1;
	classes = {
	};
	objectVersion = 46;
	objects = {

/* Begin PBXBuildFile section */
		2978BD3C1F1800D400A4AF4F /* shellui_phone in Resources */ = {isa = PBXBuildFile; fileRef = 2978BD3B1F1800D400A4AF4F /* shellui_phone */; };
		299DBE491F145056004285F3 /* main.m in Sources */ = {isa = PBXBuildFile; fileRef = 299DBE481F145056004285F3 /* main.m */; };
		299DBE4C1F145056004285F3 /* AppDelegate.m in Sources */ = {isa = PBXBuildFile; fileRef = 299DBE4B1F145056004285F3 /* AppDelegate.m */; };
		299DBE4F1F145056004285F3 /* SampleViewController.m in Sources */ = {isa = PBXBuildFile; fileRef = 299DBE4E1F145056004285F3 /* SampleViewController.m */; };
		299DBE541F145056004285F3 /* Assets.xcassets in Resources */ = {isa = PBXBuildFile; fileRef = 299DBE531F145056004285F3 /* Assets.xcassets */; };
		299DBE571F145056004285F3 /* LaunchScreen.storyboard in Resources */ = {isa = PBXBuildFile; fileRef = 299DBE551F145056004285F3 /* LaunchScreen.storyboard */; };
		299DBE7C1F145128004285F3 /* SampleBehavior.m in Sources */ = {isa = PBXBuildFile; fileRef = 299DBE7B1F145128004285F3 /* SampleBehavior.m */; };
		AA8BED3C1F16D91E002CB085 /* P2UXApp.framework in Frameworks */ = {isa = PBXBuildFile; fileRef = AA8BED3A1F16D91E002CB085 /* P2UXApp.framework */; };
		AA8BED3D1F16D91E002CB085 /* P2UXApp.framework in Embed Frameworks */ = {isa = PBXBuildFile; fileRef = AA8BED3A1F16D91E002CB085 /* P2UXApp.framework */; settings = {ATTRIBUTES = (CodeSignOnCopy, RemoveHeadersOnCopy, ); }; };
		AA8BED3E1F16D91E002CB085 /* P2UXCore.framework in Frameworks */ = {isa = PBXBuildFile; fileRef = AA8BED3B1F16D91E002CB085 /* P2UXCore.framework */; };
		AA8BED3F1F16D91E002CB085 /* P2UXCore.framework in Embed Frameworks */ = {isa = PBXBuildFile; fileRef = AA8BED3B1F16D91E002CB085 /* P2UXCore.framework */; settings = {ATTRIBUTES = (CodeSignOnCopy, RemoveHeadersOnCopy, ); }; };
/* End PBXBuildFile section */

/* Begin PBXContainerItemProxy section */
		299DBE5E1F145056004285F3 /* PBXContainerItemProxy */ = {
			isa = PBXContainerItemProxy;
			containerPortal = 299DBE3C1F145056004285F3 /* Project object */;
			proxyType = 1;
			remoteGlobalIDString = 299DBE431F145056004285F3;
			remoteInfo = SampleApp;
		};
		299DBE691F145056004285F3 /* PBXContainerItemProxy */ = {
			isa = PBXContainerItemProxy;
			containerPortal = 299DBE3C1F145056004285F3 /* Project object */;
			proxyType = 1;
			remoteGlobalIDString = 299DBE431F145056004285F3;
			remoteInfo = SampleApp;
		};
/* End PBXContainerItemProxy section */

/* Begin PBXCopyFilesBuildPhase section */
		299DBE851F1452CB004285F3 /* Embed Frameworks */ = {
			isa = PBXCopyFilesBuildPhase;
			buildActionMask = 2147483647;
			dstPath = "";
			dstSubfolderSpec = 10;
			files = (
				AA8BED3F1F16D91E002CB085 /* P2UXCore.framework in Embed Frameworks */,
				AA8BED3D1F16D91E002CB085 /* P2UXApp.framework in Embed Frameworks */,
			);
			name = "Embed Frameworks";
			runOnlyForDeploymentPostprocessing = 0;
		};
/* End PBXCopyFilesBuildPhase section */

/* Begin PBXFileReference section */
		2978BD3B1F1800D400A4AF4F /* shellui_phone */ = {isa = PBXFileReference; lastKnownFileType = folder; path = shellui_phone; sourceTree = "<group>"; };
		299DBE441F145056004285F3 /* SampleApp.app */ = {isa = PBXFileReference; explicitFileType = wrapper.application; includeInIndex = 0; path = SampleApp.app; sourceTree = BUILT_PRODUCTS_DIR; };
		299DBE481F145056004285F3 /* main.m */ = {isa = PBXFileReference; lastKnownFileType = sourcecode.c.objc; path = main.m; sourceTree = "<group>"; };
		299DBE4A1F145056004285F3 /* AppDelegate.h */ = {isa = PBXFileReference; lastKnownFileType = sourcecode.c.h; path = AppDelegate.h; sourceTree = "<group>"; };
		299DBE4B1F145056004285F3 /* AppDelegate.m */ = {isa = PBXFileReference; lastKnownFileType = sourcecode.c.objc; path = AppDelegate.m; sourceTree = "<group>"; };
		299DBE4D1F145056004285F3 /* SampleViewController.h */ = {isa = PBXFileReference; lastKnownFileType = sourcecode.c.h; path = SampleViewController.h; sourceTree = "<group>"; };
		299DBE4E1F145056004285F3 /* SampleViewController.m */ = {isa = PBXFileReference; lastKnownFileType = sourcecode.c.objc; path = SampleViewController.m; sourceTree = "<group>"; };
		299DBE531F145056004285F3 /* Assets.xcassets */ = {isa = PBXFileReference; lastKnownFileType = folder.assetcatalog; path = Assets.xcassets; sourceTree = "<group>"; };
		299DBE561F145056004285F3 /* Base */ = {isa = PBXFileReference; lastKnownFileType = file.storyboard; name = Base; path = Base.lproj/LaunchScreen.storyboard; sourceTree = "<group>"; };
		299DBE581F145056004285F3 /* Info.plist */ = {isa = PBXFileReference; lastKnownFileType = text.plist.xml; path = Info.plist; sourceTree = "<group>"; };
		299DBE5D1F145056004285F3 /* SampleAppTests.xctest */ = {isa = PBXFileReference; explicitFileType = wrapper.cfbundle; includeInIndex = 0; path = SampleAppTests.xctest; sourceTree = BUILT_PRODUCTS_DIR; };
		299DBE681F145056004285F3 /* SampleAppUITests.xctest */ = {isa = PBXFileReference; explicitFileType = wrapper.cfbundle; includeInIndex = 0; path = SampleAppUITests.xctest; sourceTree = BUILT_PRODUCTS_DIR; };
		299DBE7A1F145128004285F3 /* SampleBehavior.h */ = {isa = PBXFileReference; fileEncoding = 4; lastKnownFileType = sourcecode.c.h; path = SampleBehavior.h; sourceTree = "<group>"; };
		299DBE7B1F145128004285F3 /* SampleBehavior.m */ = {isa = PBXFileReference; fileEncoding = 4; lastKnownFileType = sourcecode.c.objc; path = SampleBehavior.m; sourceTree = "<group>"; };
		AA8BED3A1F16D91E002CB085 /* P2UXApp.framework */ = {isa = PBXFileReference; lastKnownFileType = wrapper.framework; name = P2UXApp.framework; path = ../p2ux/P2UXApp.framework; sourceTree = "<group>"; };
		AA8BED3B1F16D91E002CB085 /* P2UXCore.framework */ = {isa = PBXFileReference; lastKnownFileType = wrapper.framework; name = P2UXCore.framework; path = ../p2ux/P2UXCore.framework; sourceTree = "<group>"; };
/* End PBXFileReference section */

/* Begin PBXFrameworksBuildPhase section */
		299DBE411F145056004285F3 /* Frameworks */ = {
			isa = PBXFrameworksBuildPhase;
			buildActionMask = 2147483647;
			files = (
				AA8BED3E1F16D91E002CB085 /* P2UXCore.framework in Frameworks */,
				AA8BED3C1F16D91E002CB085 /* P2UXApp.framework in Frameworks */,
			);
			runOnlyForDeploymentPostprocessing = 0;
		};
		299DBE5A1F145056004285F3 /* Frameworks */ = {
			isa = PBXFrameworksBuildPhase;
			buildActionMask = 2147483647;
			files = (
			);
			runOnlyForDeploymentPostprocessing = 0;
		};
		299DBE651F145056004285F3 /* Frameworks */ = {
			isa = PBXFrameworksBuildPhase;
			buildActionMask = 2147483647;
			files = (
			);
			runOnlyForDeploymentPostprocessing = 0;
		};
/* End PBXFrameworksBuildPhase section */

/* Begin PBXGroup section */
		299DBE3B1F145056004285F3 = {
			isa = PBXGroup;
			children = (
				AA8BED0B1F16AB8A002CB085 /* P2UX */,
				299DBE461F145056004285F3 /* SampleApp */,
				299DBE451F145056004285F3 /* Products */,
			);
			sourceTree = "<group>";
		};
		299DBE451F145056004285F3 /* Products */ = {
			isa = PBXGroup;
			children = (
				299DBE441F145056004285F3 /* SampleApp.app */,
				299DBE5D1F145056004285F3 /* SampleAppTests.xctest */,
				299DBE681F145056004285F3 /* SampleAppUITests.xctest */,
			);
			name = Products;
			sourceTree = "<group>";
		};
		299DBE461F145056004285F3 /* SampleApp */ = {
			isa = PBXGroup;
			children = (
				299DBE4A1F145056004285F3 /* AppDelegate.h */,
				299DBE4B1F145056004285F3 /* AppDelegate.m */,
				299DBE531F145056004285F3 /* Assets.xcassets */,
				299DBE551F145056004285F3 /* LaunchScreen.storyboard */,
				299DBE581F145056004285F3 /* Info.plist */,
				299DBE471F145056004285F3 /* Supporting Files */,
				299DBE7A1F145128004285F3 /* SampleBehavior.h */,
				299DBE7B1F145128004285F3 /* SampleBehavior.m */,
				299DBE4D1F145056004285F3 /* SampleViewController.h */,
				299DBE4E1F145056004285F3 /* SampleViewController.m */,
			);
			path = SampleApp;
			sourceTree = "<group>";
		};
		299DBE471F145056004285F3 /* Supporting Files */ = {
			isa = PBXGroup;
			children = (
				2978BD3B1F1800D400A4AF4F /* shellui_phone */,
				299DBE481F145056004285F3 /* main.m */,
			);
			name = "Supporting Files";
			sourceTree = "<group>";
		};
		AA8BED0B1F16AB8A002CB085 /* P2UX */ = {
			isa = PBXGroup;
			children = (
				AA8BED3A1F16D91E002CB085 /* P2UXApp.framework */,
				AA8BED3B1F16D91E002CB085 /* P2UXCore.framework */,
			);
			name = P2UX;
			path = SampleApp;
			sourceTree = "<group>";
		};
/* End PBXGroup section */

/* Begin PBXNativeTarget section */
		299DBE431F145056004285F3 /* SampleApp */ = {
			isa = PBXNativeTarget;
			buildConfigurationList = 299DBE711F145056004285F3 /* Build configuration list for PBXNativeTarget "SampleApp" */;
			buildPhases = (
				299DBE401F145056004285F3 /* Sources */,
				299DBE411F145056004285F3 /* Frameworks */,
				299DBE421F145056004285F3 /* Resources */,
				299DBE851F1452CB004285F3 /* Embed Frameworks */,
				AA8BED351F16D846002CB085 /* ShellScript */,
			);
			buildRules = (
			);
			dependencies = (
			);
			name = SampleApp;
			productName = SampleApp;
			productReference = 299DBE441F145056004285F3 /* SampleApp.app */;
			productType = "com.apple.product-type.application";
		};
		299DBE5C1F145056004285F3 /* SampleAppTests */ = {
			isa = PBXNativeTarget;
			buildConfigurationList = 299DBE741F145056004285F3 /* Build configuration list for PBXNativeTarget "SampleAppTests" */;
			buildPhases = (
				299DBE591F145056004285F3 /* Sources */,
				299DBE5A1F145056004285F3 /* Frameworks */,
				299DBE5B1F145056004285F3 /* Resources */,
			);
			buildRules = (
			);
			dependencies = (
				299DBE5F1F145056004285F3 /* PBXTargetDependency */,
			);
			name = SampleAppTests;
			productName = SampleAppTests;
			productReference = 299DBE5D1F145056004285F3 /* SampleAppTests.xctest */;
			productType = "com.apple.product-type.bundle.unit-test";
		};
		299DBE671F145056004285F3 /* SampleAppUITests */ = {
			isa = PBXNativeTarget;
			buildConfigurationList = 299DBE771F145056004285F3 /* Build configuration list for PBXNativeTarget "SampleAppUITests" */;
			buildPhases = (
				299DBE641F145056004285F3 /* Sources */,
				299DBE651F145056004285F3 /* Frameworks */,
				299DBE661F145056004285F3 /* Resources */,
			);
			buildRules = (
			);
			dependencies = (
				299DBE6A1F145056004285F3 /* PBXTargetDependency */,
			);
			name = SampleAppUITests;
			productName = SampleAppUITests;
			productReference = 299DBE681F145056004285F3 /* SampleAppUITests.xctest */;
			productType = "com.apple.product-type.bundle.ui-testing";
		};
/* End PBXNativeTarget section */

/* Begin PBXProject section */
		299DBE3C1F145056004285F3 /* Project object */ = {
			isa = PBXProject;
			attributes = {
				LastUpgradeCheck = 0830;
				TargetAttributes = {
					299DBE431F145056004285F3 = {
						CreatedOnToolsVersion = 8.3.3;
						ProvisioningStyle = Automatic;
					};
					299DBE5C1F145056004285F3 = {
						CreatedOnToolsVersion = 8.3.3;
						ProvisioningStyle = Automatic;
						TestTargetID = 299DBE431F145056004285F3;
					};
					299DBE671F145056004285F3 = {
						CreatedOnToolsVersion = 8.3.3;
						ProvisioningStyle = Automatic;
						TestTargetID = 299DBE431F145056004285F3;
					};
				};
			};
			buildConfigurationList = 299DBE3F1F145056004285F3 /* Build configuration list for PBXProject "SampleApp" */;
			compatibilityVersion = "Xcode 3.2";
			developmentRegion = English;
			hasScannedForEncodings = 0;
			knownRegions = (
				en,
				Base,
			);
			mainGroup = 299DBE3B1F145056004285F3;
			productRefGroup = 299DBE451F145056004285F3 /* Products */;
			projectDirPath = "";
			projectRoot = "";
			targets = (
				299DBE431F145056004285F3 /* SampleApp */,
				299DBE5C1F145056004285F3 /* SampleAppTests */,
				299DBE671F145056004285F3 /* SampleAppUITests */,
			);
		};
/* End PBXProject section */

/* Begin PBXResourcesBuildPhase section */
		299DBE421F145056004285F3 /* Resources */ = {
			isa = PBXResourcesBuildPhase;
			buildActionMask = 2147483647;
			files = (
				2978BD3C1F1800D400A4AF4F /* shellui_phone in Resources */,
				299DBE571F145056004285F3 /* LaunchScreen.storyboard in Resources */,
				299DBE541F145056004285F3 /* Assets.xcassets in Resources */,
			);
			runOnlyForDeploymentPostprocessing = 0;
		};
		299DBE5B1F145056004285F3 /* Resources */ = {
			isa = PBXResourcesBuildPhase;
			buildActionMask = 2147483647;
			files = (
			);
			runOnlyForDeploymentPostprocessing = 0;
		};
		299DBE661F145056004285F3 /* Resources */ = {
			isa = PBXResourcesBuildPhase;
			buildActionMask = 2147483647;
			files = (
			);
			runOnlyForDeploymentPostprocessing = 0;
		};
/* End PBXResourcesBuildPhase section */

/* Begin PBXShellScriptBuildPhase section */
		AA8BED351F16D846002CB085 /* ShellScript */ = {
			isa = PBXShellScriptBuildPhase;
			buildActionMask = 2147483647;
			files = (
			);
			inputPaths = (
			);
			outputPaths = (
			);
			runOnlyForDeploymentPostprocessing = 0;
			shellPath = /bin/sh;
			shellScript = ./p2ux/postbuild.sh;
		};
/* End PBXShellScriptBuildPhase section */

/* Begin PBXSourcesBuildPhase section */
		299DBE401F145056004285F3 /* Sources */ = {
			isa = PBXSourcesBuildPhase;
			buildActionMask = 2147483647;
			files = (
				299DBE4F1F145056004285F3 /* SampleViewController.m in Sources */,
				299DBE7C1F145128004285F3 /* SampleBehavior.m in Sources */,
				299DBE4C1F145056004285F3 /* AppDelegate.m in Sources */,
				299DBE491F145056004285F3 /* main.m in Sources */,
			);
			runOnlyForDeploymentPostprocessing = 0;
		};
		299DBE591F145056004285F3 /* Sources */ = {
			isa = PBXSourcesBuildPhase;
			buildActionMask = 2147483647;
			files = (
			);
			runOnlyForDeploymentPostprocessing = 0;
		};
		299DBE641F145056004285F3 /* Sources */ = {
			isa = PBXSourcesBuildPhase;
			buildActionMask = 2147483647;
			files = (
			);
			runOnlyForDeploymentPostprocessing = 0;
		};
/* End PBXSourcesBuildPhase section */

/* Begin PBXTargetDependency section */
		299DBE5F1F145056004285F3 /* PBXTargetDependency */ = {
			isa = PBXTargetDependency;
			target = 299DBE431F145056004285F3 /* SampleApp */;
			targetProxy = 299DBE5E1F145056004285F3 /* PBXContainerItemProxy */;
		};
		299DBE6A1F145056004285F3 /* PBXTargetDependency */ = {
			isa = PBXTargetDependency;
			target = 299DBE431F145056004285F3 /* SampleApp */;
			targetProxy = 299DBE691F145056004285F3 /* PBXContainerItemProxy */;
		};
/* End PBXTargetDependency section */

/* Begin PBXVariantGroup section */
		299DBE551F145056004285F3 /* LaunchScreen.storyboard */ = {
			isa = PBXVariantGroup;
			children = (
				299DBE561F145056004285F3 /* Base */,
			);
			name = LaunchScreen.storyboard;
			sourceTree = "<group>";
		};
/* End PBXVariantGroup section */

/* Begin XCBuildConfiguration section */
		299DBE6F1F145056004285F3 /* Debug */ = {
			isa = XCBuildConfiguration;
			buildSettings = {
				ALWAYS_SEARCH_USER_PATHS = NO;
				CLANG_ANALYZER_NONNULL = YES;
				CLANG_ANALYZER_NUMBER_OBJECT_CONVERSION = YES_AGGRESSIVE;
				CLANG_CXX_LANGUAGE_STANDARD = "gnu++0x";
				CLANG_CXX_LIBRARY = "libc++";
				CLANG_ENABLE_MODULES = YES;
				CLANG_ENABLE_OBJC_ARC = YES;
				CLANG_WARN_BOOL_CONVERSION = YES;
				CLANG_WARN_CONSTANT_CONVERSION = YES;
				CLANG_WARN_DIRECT_OBJC_ISA_USAGE = YES_ERROR;
				CLANG_WARN_DOCUMENTATION_COMMENTS = YES;
				CLANG_WARN_EMPTY_BODY = YES;
				CLANG_WARN_ENUM_CONVERSION = YES;
				CLANG_WARN_INFINITE_RECURSION = YES;
				CLANG_WARN_INT_CONVERSION = YES;
				CLANG_WARN_OBJC_ROOT_CLASS = YES_ERROR;
				CLANG_WARN_SUSPICIOUS_MOVE = YES;
				CLANG_WARN_UNREACHABLE_CODE = YES;
				CLANG_WARN__DUPLICATE_METHOD_MATCH = YES;
				"CODE_SIGN_IDENTITY[sdk=iphoneos*]" = "iPhone Developer";
				COPY_PHASE_STRIP = NO;
				DEBUG_INFORMATION_FORMAT = dwarf;
				ENABLE_STRICT_OBJC_MSGSEND = YES;
				ENABLE_TESTABILITY = YES;
				GCC_C_LANGUAGE_STANDARD = gnu99;
				GCC_DYNAMIC_NO_PIC = NO;
				GCC_NO_COMMON_BLOCKS = YES;
				GCC_OPTIMIZATION_LEVEL = 0;
				GCC_PREPROCESSOR_DEFINITIONS = (
					"DEBUG=1",
					"$(inherited)",
				);
				GCC_WARN_64_TO_32_BIT_CONVERSION = YES;
				GCC_WARN_ABOUT_RETURN_TYPE = YES_ERROR;
				GCC_WARN_UNDECLARED_SELECTOR = YES;
				GCC_WARN_UNINITIALIZED_AUTOS = YES_AGGRESSIVE;
				GCC_WARN_UNUSED_FUNCTION = YES;
				GCC_WARN_UNUSED_VARIABLE = YES;
				IPHONEOS_DEPLOYMENT_TARGET = 10.3;
				MTL_ENABLE_DEBUG_INFO = YES;
				ONLY_ACTIVE_ARCH = YES;
				SDKROOT = iphoneos;
			};
			name = Debug;
		};
		299DBE701F145056004285F3 /* Release */ = {
			isa = XCBuildConfiguration;
			buildSettings = {
				ALWAYS_SEARCH_USER_PATHS = NO;
				CLANG_ANALYZER_NONNULL = YES;
				CLANG_ANALYZER_NUMBER_OBJECT_CONVERSION = YES_AGGRESSIVE;
				CLANG_CXX_LANGUAGE_STANDARD = "gnu++0x";
				CLANG_CXX_LIBRARY = "libc++";
				CLANG_ENABLE_MODULES = YES;
				CLANG_ENABLE_OBJC_ARC = YES;
				CLANG_WARN_BOOL_CONVERSION = YES;
				CLANG_WARN_CONSTANT_CONVERSION = YES;
				CLANG_WARN_DIRECT_OBJC_ISA_USAGE = YES_ERROR;
				CLANG_WARN_DOCUMENTATION_COMMENTS = YES;
				CLANG_WARN_EMPTY_BODY = YES;
				CLANG_WARN_ENUM_CONVERSION = YES;
				CLANG_WARN_INFINITE_RECURSION = YES;
				CLANG_WARN_INT_CONVERSION = YES;
				CLANG_WARN_OBJC_ROOT_CLASS = YES_ERROR;
				CLANG_WARN_SUSPICIOUS_MOVE = YES;
				CLANG_WARN_UNREACHABLE_CODE = YES;
				CLANG_WARN__DUPLICATE_METHOD_MATCH = YES;
				"CODE_SIGN_IDENTITY[sdk=iphoneos*]" = "iPhone Developer";
				COPY_PHASE_STRIP = NO;
				DEBUG_INFORMATION_FORMAT = "dwarf-with-dsym";
				ENABLE_NS_ASSERTIONS = NO;
				ENABLE_STRICT_OBJC_MSGSEND = YES;
				GCC_C_LANGUAGE_STANDARD = gnu99;
				GCC_NO_COMMON_BLOCKS = YES;
				GCC_WARN_64_TO_32_BIT_CONVERSION = YES;
				GCC_WARN_ABOUT_RETURN_TYPE = YES_ERROR;
				GCC_WARN_UNDECLARED_SELECTOR = YES;
				GCC_WARN_UNINITIALIZED_AUTOS = YES_AGGRESSIVE;
				GCC_WARN_UNUSED_FUNCTION = YES;
				GCC_WARN_UNUSED_VARIABLE = YES;
				IPHONEOS_DEPLOYMENT_TARGET = 10.3;
				MTL_ENABLE_DEBUG_INFO = NO;
				SDKROOT = iphoneos;
				VALIDATE_PRODUCT = YES;
			};
			name = Release;
		};
		299DBE721F145056004285F3 /* Debug */ = {
			isa = XCBuildConfiguration;
			buildSettings = {
				ASSETCATALOG_COMPILER_APPICON_NAME = AppIcon;
				FRAMEWORK_SEARCH_PATHS = (
					"$(inherited)",
					"$(PROJECT_DIR)/SampleApp",
					"$(PROJECT_DIR)/p2ux",
				);
				INFOPLIST_FILE = SampleApp/Info.plist;
				LD_RUNPATH_SEARCH_PATHS = "$(inherited) @executable_path/Frameworks";
				PRODUCT_BUNDLE_IDENTIFIER = com.p2ux.SampleApp;
				PRODUCT_NAME = "$(TARGET_NAME)";
			};
			name = Debug;
		};
		299DBE731F145056004285F3 /* Release */ = {
			isa = XCBuildConfiguration;
			buildSettings = {
				ASSETCATALOG_COMPILER_APPICON_NAME = AppIcon;
				FRAMEWORK_SEARCH_PATHS = (
					"$(inherited)",
					"$(PROJECT_DIR)/SampleApp",
					"$(PROJECT_DIR)/p2ux",
				);
				INFOPLIST_FILE = SampleApp/Info.plist;
				LD_RUNPATH_SEARCH_PATHS = "$(inherited) @executable_path/Frameworks";
				PRODUCT_BUNDLE_IDENTIFIER = com.p2ux.SampleApp;
				PRODUCT_NAME = "$(TARGET_NAME)";
			};
			name = Release;
		};
		299DBE751F145056004285F3 /* Debug */ = {
			isa = XCBuildConfiguration;
			buildSettings = {
				BUNDLE_LOADER = "$(TEST_HOST)";
				INFOPLIST_FILE = SampleAppTests/Info.plist;
				LD_RUNPATH_SEARCH_PATHS = "$(inherited) @executable_path/Frameworks @loader_path/Frameworks";
				PRODUCT_BUNDLE_IDENTIFIER = p2i.SampleAppTests;
				PRODUCT_NAME = "$(TARGET_NAME)";
				TEST_HOST = "$(BUILT_PRODUCTS_DIR)/SampleApp.app/SampleApp";
			};
			name = Debug;
		};
		299DBE761F145056004285F3 /* Release */ = {
			isa = XCBuildConfiguration;
			buildSettings = {
				BUNDLE_LOADER = "$(TEST_HOST)";
				INFOPLIST_FILE = SampleAppTests/Info.plist;
				LD_RUNPATH_SEARCH_PATHS = "$(inherited) @executable_path/Frameworks @loader_path/Frameworks";
				PRODUCT_BUNDLE_IDENTIFIER = p2i.SampleAppTests;
				PRODUCT_NAME = "$(TARGET_NAME)";
				TEST_HOST = "$(BUILT_PRODUCTS_DIR)/SampleApp.app/SampleApp";
			};
			name = Release;
		};
		299DBE781F145056004285F3 /* Debug */ = {
			isa = XCBuildConfiguration;
			buildSettings = {
				INFOPLIST_FILE = SampleAppUITests/Info.plist;
				LD_RUNPATH_SEARCH_PATHS = "$(inherited) @executable_path/Frameworks @loader_path/Frameworks";
				PRODUCT_BUNDLE_IDENTIFIER = p2i.SampleAppUITests;
				PRODUCT_NAME = "$(TARGET_NAME)";
				TEST_TARGET_NAME = SampleApp;
			};
			name = Debug;
		};
		299DBE791F145056004285F3 /* Release */ = {
			isa = XCBuildConfiguration;
			buildSettings = {
				INFOPLIST_FILE = SampleAppUITests/Info.plist;
				LD_RUNPATH_SEARCH_PATHS = "$(inherited) @executable_path/Frameworks @loader_path/Frameworks";
				PRODUCT_BUNDLE_IDENTIFIER = p2i.SampleAppUITests;
				PRODUCT_NAME = "$(TARGET_NAME)";
				TEST_TARGET_NAME = SampleApp;
			};
			name = Release;
		};
/* End XCBuildConfiguration section */

/* Begin XCConfigurationList section */
		299DBE3F1F145056004285F3 /* Build configuration list for PBXProject "SampleApp" */ = {
			isa = XCConfigurationList;
			buildConfigurations = (
				299DBE6F1F145056004285F3 /* Debug */,
				299DBE701F145056004285F3 /* Release */,
			);
			defaultConfigurationIsVisible = 0;
			defaultConfigurationName = Release;
		};
		299DBE711F145056004285F3 /* Build configuration list for PBXNativeTarget "SampleApp" */ = {
			isa = XCConfigurationList;
			buildConfigurations = (
				299DBE721F145056004285F3 /* Debug */,
				299DBE731F145056004285F3 /* Release */,
			);
			defaultConfigurationIsVisible = 0;
			defaultConfigurationName = Release;
		};
		299DBE741F145056004285F3 /* Build configuration list for PBXNativeTarget "SampleAppTests" */ = {
			isa = XCConfigurationList;
			buildConfigurations = (
				299DBE751F145056004285F3 /* Debug */,
				299DBE761F145056004285F3 /* Release */,
			);
			defaultConfigurationIsVisible = 0;
			defaultConfigurationName = Release;
		};
		299DBE771F145056004285F3 /* Build configuration list for PBXNativeTarget "SampleAppUITests" */ = {
			isa = XCConfigurationList;
			buildConfigurations = (
				299DBE781F145056004285F3 /* Debug */,
				299DBE791F145056004285F3 /* Release */,
			);
			defaultConfigurationIsVisible = 0;
			defaultConfigurationName = Release;
		};
/* End XCConfigurationList section */
	};
	rootObject = 299DBE3C1F145056004285F3 /* Project object */;
}
