// !$*UTF8*$!
{
	archiveVersion = 1;
	classes = {
	};
	objectVersion = 46;
	objects = {

/* Begin PBXBuildFile section */
		AA8BED191F16AE8A002CB085 /* AppDelegate.swift in Sources */ = {isa = PBXBuildFile; fileRef = AA8BED181F16AE8A002CB085 /* AppDelegate.swift */; };
		AA8BED1B1F16AE8A002CB085 /* SampleViewController.swift in Sources */ = {isa = PBXBuildFile; fileRef = AA8BED1A1F16AE8A002CB085 /* SampleViewController.swift */; };
		AA8BED201F16AE8A002CB085 /* Assets.xcassets in Resources */ = {isa = PBXBuildFile; fileRef = AA8BED1F1F16AE8A002CB085 /* Assets.xcassets */; };
		AA8BED231F16AE8A002CB085 /* LaunchScreen.storyboard in Resources */ = {isa = PBXBuildFile; fileRef = AA8BED211F16AE8A002CB085 /* LaunchScreen.storyboard */; };
		AA8BED321F16C1BE002CB085 /* SampleBehavior.swift in Sources */ = {isa = PBXBuildFile; fileRef = AA8BED311F16C1BE002CB085 /* SampleBehavior.swift */; };
		AA8BED431F16DB59002CB085 /* P2UXApp.framework in Frameworks */ = {isa = PBXBuildFile; fileRef = AA8BED411F16DB59002CB085 /* P2UXApp.framework */; };
		AA8BED441F16DB59002CB085 /* P2UXApp.framework in Embed Frameworks */ = {isa = PBXBuildFile; fileRef = AA8BED411F16DB59002CB085 /* P2UXApp.framework */; settings = {ATTRIBUTES = (CodeSignOnCopy, RemoveHeadersOnCopy, ); }; };
		AA8BED451F16DB59002CB085 /* P2UXCore.framework in Frameworks */ = {isa = PBXBuildFile; fileRef = AA8BED421F16DB59002CB085 /* P2UXCore.framework */; };
		AA8BED461F16DB59002CB085 /* P2UXCore.framework in Embed Frameworks */ = {isa = PBXBuildFile; fileRef = AA8BED421F16DB59002CB085 /* P2UXCore.framework */; settings = {ATTRIBUTES = (CodeSignOnCopy, RemoveHeadersOnCopy, ); }; };
/* End PBXBuildFile section */

/* Begin PBXCopyFilesBuildPhase section */
		AA8BED471F16DB59002CB085 /* Embed Frameworks */ = {
			isa = PBXCopyFilesBuildPhase;
			buildActionMask = 2147483647;
			dstPath = "";
			dstSubfolderSpec = 10;
			files = (
				AA8BED461F16DB59002CB085 /* P2UXCore.framework in Embed Frameworks */,
				AA8BED441F16DB59002CB085 /* P2UXApp.framework in Embed Frameworks */,
			);
			name = "Embed Frameworks";
			runOnlyForDeploymentPostprocessing = 0;
		};
/* End PBXCopyFilesBuildPhase section */

/* Begin PBXFileReference section */
		AA8BED151F16AE8A002CB085 /* SampleApp.app */ = {isa = PBXFileReference; explicitFileType = wrapper.application; includeInIndex = 0; path = SampleApp.app; sourceTree = BUILT_PRODUCTS_DIR; };
		AA8BED181F16AE8A002CB085 /* AppDelegate.swift */ = {isa = PBXFileReference; lastKnownFileType = sourcecode.swift; path = AppDelegate.swift; sourceTree = "<group>"; };
		AA8BED1A1F16AE8A002CB085 /* SampleViewController.swift */ = {isa = PBXFileReference; lastKnownFileType = sourcecode.swift; path = SampleViewController.swift; sourceTree = "<group>"; };
		AA8BED1F1F16AE8A002CB085 /* Assets.xcassets */ = {isa = PBXFileReference; lastKnownFileType = folder.assetcatalog; path = Assets.xcassets; sourceTree = "<group>"; };
		AA8BED221F16AE8A002CB085 /* Base */ = {isa = PBXFileReference; lastKnownFileType = file.storyboard; name = Base; path = Base.lproj/LaunchScreen.storyboard; sourceTree = "<group>"; };
		AA8BED241F16AE8A002CB085 /* Info.plist */ = {isa = PBXFileReference; lastKnownFileType = text.plist.xml; path = Info.plist; sourceTree = "<group>"; };
		AA8BED311F16C1BE002CB085 /* SampleBehavior.swift */ = {isa = PBXFileReference; fileEncoding = 4; lastKnownFileType = sourcecode.swift; path = SampleBehavior.swift; sourceTree = "<group>"; };
		AA8BED411F16DB59002CB085 /* P2UXApp.framework */ = {isa = PBXFileReference; lastKnownFileType = wrapper.framework; name = P2UXApp.framework; path = p2ux/P2UXApp.framework; sourceTree = "<group>"; };
		AA8BED421F16DB59002CB085 /* P2UXCore.framework */ = {isa = PBXFileReference; lastKnownFileType = wrapper.framework; name = P2UXCore.framework; path = p2ux/P2UXCore.framework; sourceTree = "<group>"; };
/* End PBXFileReference section */

/* Begin PBXFrameworksBuildPhase section */
		AA8BED121F16AE8A002CB085 /* Frameworks */ = {
			isa = PBXFrameworksBuildPhase;
			buildActionMask = 2147483647;
			files = (
				AA8BED451F16DB59002CB085 /* P2UXCore.framework in Frameworks */,
				AA8BED431F16DB59002CB085 /* P2UXApp.framework in Frameworks */,
			);
			runOnlyForDeploymentPostprocessing = 0;
		};
/* End PBXFrameworksBuildPhase section */

/* Begin PBXGroup section */
		AA8BED0C1F16AE8A002CB085 = {
			isa = PBXGroup;
			children = (
				AA8BED411F16DB59002CB085 /* P2UXApp.framework */,
				AA8BED421F16DB59002CB085 /* P2UXCore.framework */,
				AA8BED401F16DB0C002CB085 /* P2UX */,
				AA8BED171F16AE8A002CB085 /* SampleApp */,
				AA8BED161F16AE8A002CB085 /* Products */,
			);
			sourceTree = "<group>";
		};
		AA8BED161F16AE8A002CB085 /* Products */ = {
			isa = PBXGroup;
			children = (
				AA8BED151F16AE8A002CB085 /* SampleApp.app */,
			);
			name = Products;
			sourceTree = "<group>";
		};
		AA8BED171F16AE8A002CB085 /* SampleApp */ = {
			isa = PBXGroup;
			children = (
				AA8BED181F16AE8A002CB085 /* AppDelegate.swift */,
				AA8BED1F1F16AE8A002CB085 /* Assets.xcassets */,
				AA8BED211F16AE8A002CB085 /* LaunchScreen.storyboard */,
				AA8BED241F16AE8A002CB085 /* Info.plist */,
				AA8BED1A1F16AE8A002CB085 /* SampleViewController.swift */,
				AA8BED311F16C1BE002CB085 /* SampleBehavior.swift */,
			);
			path = SampleApp;
			sourceTree = "<group>";
		};
		AA8BED401F16DB0C002CB085 /* P2UX */ = {
			isa = PBXGroup;
			children = (
			);
			name = P2UX;
			sourceTree = "<group>";
		};
/* End PBXGroup section */

/* Begin PBXNativeTarget section */
		AA8BED141F16AE8A002CB085 /* SampleApp */ = {
			isa = PBXNativeTarget;
			buildConfigurationList = AA8BED271F16AE8A002CB085 /* Build configuration list for PBXNativeTarget "SampleApp" */;
			buildPhases = (
				AA8BED111F16AE8A002CB085 /* Sources */,
				AA8BED121F16AE8A002CB085 /* Frameworks */,
				AA8BED131F16AE8A002CB085 /* Resources */,
				AA8BED471F16DB59002CB085 /* Embed Frameworks */,
				AA8BED481F16DB62002CB085 /* ShellScript */,
			);
			buildRules = (
			);
			dependencies = (
			);
			name = SampleApp;
			productName = SampleApp;
			productReference = AA8BED151F16AE8A002CB085 /* SampleApp.app */;
			productType = "com.apple.product-type.application";
		};
/* End PBXNativeTarget section */

/* Begin PBXProject section */
		AA8BED0D1F16AE8A002CB085 /* Project object */ = {
			isa = PBXProject;
			attributes = {
				LastSwiftUpdateCheck = 0830;
				LastUpgradeCheck = 0830;
				ORGANIZATIONNAME = "P2UX, Inc.";
				TargetAttributes = {
					AA8BED141F16AE8A002CB085 = {
						CreatedOnToolsVersion = 8.3.3;
						ProvisioningStyle = Automatic;
					};
				};
			};
			buildConfigurationList = AA8BED101F16AE8A002CB085 /* Build configuration list for PBXProject "SampleApp" */;
			compatibilityVersion = "Xcode 3.2";
			developmentRegion = English;
			hasScannedForEncodings = 0;
			knownRegions = (
				en,
				Base,
			);
			mainGroup = AA8BED0C1F16AE8A002CB085;
			productRefGroup = AA8BED161F16AE8A002CB085 /* Products */;
			projectDirPath = "";
			projectRoot = "";
			targets = (
				AA8BED141F16AE8A002CB085 /* SampleApp */,
			);
		};
/* End PBXProject section */

/* Begin PBXResourcesBuildPhase section */
		AA8BED131F16AE8A002CB085 /* Resources */ = {
			isa = PBXResourcesBuildPhase;
			buildActionMask = 2147483647;
			files = (
				AA8BED231F16AE8A002CB085 /* LaunchScreen.storyboard in Resources */,
				AA8BED201F16AE8A002CB085 /* Assets.xcassets in Resources */,
			);
			runOnlyForDeploymentPostprocessing = 0;
		};
/* End PBXResourcesBuildPhase section */

/* Begin PBXShellScriptBuildPhase section */
		AA8BED481F16DB62002CB085 /* ShellScript */ = {
			isa = PBXShellScriptBuildPhase;
			buildActionMask = 2147483647;
			files = (
			);
			inputPaths = (
			);
			outputPaths = (
			);
			runOnlyForDeploymentPostprocessing = 0;
			shellPath = /bin/sh;
			shellScript = ./p2ux/postbuild.sh;
		};
/* End PBXShellScriptBuildPhase section */

/* Begin PBXSourcesBuildPhase section */
		AA8BED111F16AE8A002CB085 /* Sources */ = {
			isa = PBXSourcesBuildPhase;
			buildActionMask = 2147483647;
			files = (
				AA8BED1B1F16AE8A002CB085 /* SampleViewController.swift in Sources */,
				AA8BED321F16C1BE002CB085 /* SampleBehavior.swift in Sources */,
				AA8BED191F16AE8A002CB085 /* AppDelegate.swift in Sources */,
			);
			runOnlyForDeploymentPostprocessing = 0;
		};
/* End PBXSourcesBuildPhase section */

/* Begin PBXVariantGroup section */
		AA8BED211F16AE8A002CB085 /* LaunchScreen.storyboard */ = {
			isa = PBXVariantGroup;
			children = (
				AA8BED221F16AE8A002CB085 /* Base */,
			);
			name = LaunchScreen.storyboard;
			sourceTree = "<group>";
		};
/* End PBXVariantGroup section */

/* Begin XCBuildConfiguration section */
		AA8BED251F16AE8A002CB085 /* Debug */ = {
			isa = XCBuildConfiguration;
			buildSettings = {
				ALWAYS_SEARCH_USER_PATHS = NO;
				CLANG_ANALYZER_NONNULL = YES;
				CLANG_ANALYZER_NUMBER_OBJECT_CONVERSION = YES_AGGRESSIVE;
				CLANG_CXX_LANGUAGE_STANDARD = "gnu++0x";
				CLANG_CXX_LIBRARY = "libc++";
				CLANG_ENABLE_MODULES = YES;
				CLANG_ENABLE_OBJC_ARC = YES;
				CLANG_WARN_BOOL_CONVERSION = YES;
				CLANG_WARN_CONSTANT_CONVERSION = YES;
				CLANG_WARN_DIRECT_OBJC_ISA_USAGE = YES_ERROR;
				CLANG_WARN_DOCUMENTATION_COMMENTS = YES;
				CLANG_WARN_EMPTY_BODY = YES;
				CLANG_WARN_ENUM_CONVERSION = YES;
				CLANG_WARN_INFINITE_RECURSION = YES;
				CLANG_WARN_INT_CONVERSION = YES;
				CLANG_WARN_OBJC_ROOT_CLASS = YES_ERROR;
				CLANG_WARN_SUSPICIOUS_MOVE = YES;
				CLANG_WARN_UNREACHABLE_CODE = YES;
				CLANG_WARN__DUPLICATE_METHOD_MATCH = YES;
				"CODE_SIGN_IDENTITY[sdk=iphoneos*]" = "iPhone Developer";
				COPY_PHASE_STRIP = NO;
				DEBUG_INFORMATION_FORMAT = dwarf;
				ENABLE_STRICT_OBJC_MSGSEND = YES;
				ENABLE_TESTABILITY = YES;
				GCC_C_LANGUAGE_STANDARD = gnu99;
				GCC_DYNAMIC_NO_PIC = NO;
				GCC_NO_COMMON_BLOCKS = YES;
				GCC_OPTIMIZATION_LEVEL = 0;
				GCC_PREPROCESSOR_DEFINITIONS = (
					"DEBUG=1",
					"$(inherited)",
				);
				GCC_WARN_64_TO_32_BIT_CONVERSION = YES;
				GCC_WARN_ABOUT_RETURN_TYPE = YES_ERROR;
				GCC_WARN_UNDECLARED_SELECTOR = YES;
				GCC_WARN_UNINITIALIZED_AUTOS = YES_AGGRESSIVE;
				GCC_WARN_UNUSED_FUNCTION = YES;
				GCC_WARN_UNUSED_VARIABLE = YES;
				IPHONEOS_DEPLOYMENT_TARGET = 10.3;
				MTL_ENABLE_DEBUG_INFO = YES;
				ONLY_ACTIVE_ARCH = YES;
				SDKROOT = iphoneos;
				SWIFT_ACTIVE_COMPILATION_CONDITIONS = DEBUG;
				SWIFT_OPTIMIZATION_LEVEL = "-Onone";
				TARGETED_DEVICE_FAMILY = "1,2";
			};
			name = Debug;
		};
		AA8BED261F16AE8A002CB085 /* Release */ = {
			isa = XCBuildConfiguration;
			buildSettings = {
				ALWAYS_SEARCH_USER_PATHS = NO;
				CLANG_ANALYZER_NONNULL = YES;
				CLANG_ANALYZER_NUMBER_OBJECT_CONVERSION = YES_AGGRESSIVE;
				CLANG_CXX_LANGUAGE_STANDARD = "gnu++0x";
				CLANG_CXX_LIBRARY = "libc++";
				CLANG_ENABLE_MODULES = YES;
				CLANG_ENABLE_OBJC_ARC = YES;
				CLANG_WARN_BOOL_CONVERSION = YES;
				CLANG_WARN_CONSTANT_CONVERSION = YES;
				CLANG_WARN_DIRECT_OBJC_ISA_USAGE = YES_ERROR;
				CLANG_WARN_DOCUMENTATION_COMMENTS = YES;
				CLANG_WARN_EMPTY_BODY = YES;
				CLANG_WARN_ENUM_CONVERSION = YES;
				CLANG_WARN_INFINITE_RECURSION = YES;
				CLANG_WARN_INT_CONVERSION = YES;
				CLANG_WARN_OBJC_ROOT_CLASS = YES_ERROR;
				CLANG_WARN_SUSPICIOUS_MOVE = YES;
				CLANG_WARN_UNREACHABLE_CODE = YES;
				CLANG_WARN__DUPLICATE_METHOD_MATCH = YES;
				"CODE_SIGN_IDENTITY[sdk=iphoneos*]" = "iPhone Developer";
				COPY_PHASE_STRIP = NO;
				DEBUG_INFORMATION_FORMAT = "dwarf-with-dsym";
				ENABLE_NS_ASSERTIONS = NO;
				ENABLE_STRICT_OBJC_MSGSEND = YES;
				GCC_C_LANGUAGE_STANDARD = gnu99;
				GCC_NO_COMMON_BLOCKS = YES;
				GCC_WARN_64_TO_32_BIT_CONVERSION = YES;
				GCC_WARN_ABOUT_RETURN_TYPE = YES_ERROR;
				GCC_WARN_UNDECLARED_SELECTOR = YES;
				GCC_WARN_UNINITIALIZED_AUTOS = YES_AGGRESSIVE;
				GCC_WARN_UNUSED_FUNCTION = YES;
				GCC_WARN_UNUSED_VARIABLE = YES;
				IPHONEOS_DEPLOYMENT_TARGET = 10.3;
				MTL_ENABLE_DEBUG_INFO = NO;
				SDKROOT = iphoneos;
				SWIFT_OPTIMIZATION_LEVEL = "-Owholemodule";
				TARGETED_DEVICE_FAMILY = "1,2";
				VALIDATE_PRODUCT = YES;
			};
			name = Release;
		};
		AA8BED281F16AE8A002CB085 /* Debug */ = {
			isa = XCBuildConfiguration;
			buildSettings = {
				ASSETCATALOG_COMPILER_APPICON_NAME = AppIcon;
				FRAMEWORK_SEARCH_PATHS = (
					"$(inherited)",
					"$(PROJECT_DIR)/SampleApp/frameworks",
					"$(PROJECT_DIR)/p2ux",
				);
				INFOPLIST_FILE = SampleApp/Info.plist;
				LD_RUNPATH_SEARCH_PATHS = "$(inherited) @executable_path/Frameworks";
				PRODUCT_BUNDLE_IDENTIFIER = com.p2ux.SampleApp;
				PRODUCT_NAME = "$(TARGET_NAME)";
				SWIFT_VERSION = 3.0;
			};
			name = Debug;
		};
		AA8BED291F16AE8A002CB085 /* Release */ = {
			isa = XCBuildConfiguration;
			buildSettings = {
				ASSETCATALOG_COMPILER_APPICON_NAME = AppIcon;
				FRAMEWORK_SEARCH_PATHS = (
					"$(inherited)",
					"$(PROJECT_DIR)/SampleApp/frameworks",
					"$(PROJECT_DIR)/p2ux",
				);
				INFOPLIST_FILE = SampleApp/Info.plist;
				LD_RUNPATH_SEARCH_PATHS = "$(inherited) @executable_path/Frameworks";
				PRODUCT_BUNDLE_IDENTIFIER = com.p2ux.SampleApp;
				PRODUCT_NAME = "$(TARGET_NAME)";
				SWIFT_VERSION = 3.0;
			};
			name = Release;
		};
/* End XCBuildConfiguration section */

/* Begin XCConfigurationList section */
		AA8BED101F16AE8A002CB085 /* Build configuration list for PBXProject "SampleApp" */ = {
			isa = XCConfigurationList;
			buildConfigurations = (
				AA8BED251F16AE8A002CB085 /* Debug */,
				AA8BED261F16AE8A002CB085 /* Release */,
			);
			defaultConfigurationIsVisible = 0;
			defaultConfigurationName = Release;
		};
		AA8BED271F16AE8A002CB085 /* Build configuration list for PBXNativeTarget "SampleApp" */ = {
			isa = XCConfigurationList;
			buildConfigurations = (
				AA8BED281F16AE8A002CB085 /* Debug */,
				AA8BED291F16AE8A002CB085 /* Release */,
			);
			defaultConfigurationIsVisible = 0;
			defaultConfigurationName = Release;
		};
/* End XCConfigurationList section */
	};
	rootObject = AA8BED0D1F16AE8A002CB085 /* Project object */;
}
